{
    "_meta": {
        "hash": {
            "sha256": "9fd9adb435e8e311b1640d679372f7451ce8a46446d595c4a8fcc0351902ffdd"
        },
        "pipfile-spec": 6,
        "requires": {
            "python_version": "3.13"
        },
        "sources": [
            {
                "name": "pypi",
                "url": "https://pypi.org/simple",
                "verify_ssl": true
            }
        ]
    },
    "default": {
        "blinker": {
            "hashes": [
                "sha256:b4ce2265a7abece45e7cc896e98dbebe6cead56bcf805a3d23136d145f5445bf",
                "sha256:ba0efaa9080b619ff2f3459d1d500c57bddea4a6b424b60a91141db6fd2f08bc"
            ],
            "markers": "python_version >= '3.9'",
            "version": "==1.9.0"
        },
        "flask": {
            "hashes": [
                "sha256:34e815dfaa43340d1d15a5c3a02b8476004037eb4840b34910c6e21679d288f3",
                "sha256:ceb27b0af3823ea2737928a4d99d125a06175b8512c445cbd9a9ce200ef76842"
            ],
            "index": "pypi",
            "markers": "python_version >= '3.8'",
            "version": "==3.0.3"
        },
        "gunicorn": {
            "hashes": [
                "sha256:ec400d38950de4dfd418cff8328b2c8faed0edb0d517d3394e457c317908ca4d",
                "sha256:f014447a0101dc57e294f6c18ca6b40227a4c90e9bdb586042628030cba004ec"
            ],
            "index": "pypi",
            "markers": "python_version >= '3.7'",
            "version": "==23.0.0"
        },
        "itsdangerous": {
            "hashes": [
                "sha256:c6242fc49e35958c8b15141343aa660db5fc54d4f13a1db01a3f5891b98700ef",
                "sha256:e0050c0b7da1eea53ffaf149c0cfbb5c6e2e2b69c4bef22c81fa6eb73e5f6173"
            ],
            "markers": "python_version >= '3.8'",
            "version": "==2.2.0"
        },
        "jinja2": {
            "hashes": [
                "sha256:4a3aee7acbbe7303aede8e9648d13b8bf88a429282aa6122a993f0ac800cb369",
                "sha256:bc5dd2abb727a5319567b7a813e6a2e7318c39f4f487cfe6c89c6f9c7d25197d"
            ],
            "markers": "python_version >= '3.7'",
            "version": "==3.1.4"
        },
        "numpy": {
            "hashes": [
                "sha256:016d0f6f5e77b0f0d45d77387ffa4bb89816b57c835580c3ce8e099ef830befe",
                "sha256:02135ade8b8a84011cbb67dc44e07c58f28575cf9ecf8ab304e51c05528c19f0"
            ],
            "index": "pypi",
            "markers": "python_version >= '3.10'",
            "version": "==2.1.3"
        },
        "scikit-learn": {
            "hashes": [
                "sha256:03b6158efa3faaf1feea3faa884c840ebd61b6484167c711548fce208ea09445",
                "sha256:178ddd0a5cb0044464fc1bfc4cca5b1833bfc7bb022d70b05db8530da4bb3dd3"
            ],
            "index": "pypi",
            "markers": "python_version >= '3.9'",
            "version": "==1.5.2"
        },
        "werkzeug": {
            "hashes": [
                "sha256:54b78bf3716d19a65be4fceccc0d1d7b89e608834989dfae50ea87564639213e",
                "sha256:60723ce945c19328679790e3282cc758aa4a6040e4bb330f53d30fa546d44746"
            ],
            "index": "pypi",
            "markers": "python_version >= '3.9'",
            "version": "==3.1.3"
        }
    },
    "develop": {}
}
